{
  "name": "Бэк смерти",
  "lockfileVersion": 3,
  "requires": true,
  "packages": {
    "": {
      "dependencies": {
        "pgsql": "^1.0.0"
      }
    },
    "node_modules/pgsql": {
      "version": "1.0.0",
      "resolved": "https://registry.npmjs.org/pgsql/-/pgsql-1.0.0.tgz",
      "integrity": "sha512-IwoBrnwahDJewt2WnBJotQyJ2S1QTDdAnQpDsefjwjGjOTo/aasb+qS4yitTaQpRT+3CgyZswGuJe/+5bIUeDg==",
      "license": "ISC"
    }
  }
}
